
Microsoft Visual Studio Solution File, Format Version 12.00
# Visual Studio Version 16
VisualStudioVersion = 16.0.30320.27
MinimumVisualStudioVersion = 10.0.40219.1
Project("{FAE04EC0-301F-11D3-BF4B-00C04F79EFBC}") = "TurkishTechnic.Entities", "TurkishTechnic.Entities\TurkishTechnic.Entities.csproj", "{B1CF814E-CA8B-430A-8EEC-E0767DA12327}"
EndProject
Project("{FAE04EC0-301F-11D3-BF4B-00C04F79EFBC}") = "TurkishTechnic.DataAccess", "TurkishTechnic.DataAccess\TurkishTechnic.DataAccess.csproj", "{A903E378-6BF7-4D49-B303-B773FF68B31E}"
EndProject
Project("{FAE04EC0-301F-11D3-BF4B-00C04F79EFBC}") = "TurkishTechnic.Core", "TurkishTechnic.Core\TurkishTechnic.Core.csproj", "{19F7A56E-9FE1-4FA3-80ED-AE55F5D287A5}"
EndProject
Project("{FAE04EC0-301F-11D3-BF4B-00C04F79EFBC}") = "TurkishTechnic.Business", "TurkishTechnic.Business\TurkishTechnic.Business.csproj", "{E457FDE2-5226-4CE1-A96D-C52F59E72DED}"
EndProject
Project("{FAE04EC0-301F-11D3-BF4B-00C04F79EFBC}") = "TurkishTechnic.WebAPI", "TurkishTechnic.WebAPI\TurkishTechnic.WebAPI.csproj", "{B132F9E4-3600-4105-A1EA-6C8D84F7E84F}"
EndProject
Global
	GlobalSection(SolutionConfigurationPlatforms) = preSolution
		Debug|Any CPU = Debug|Any CPU
		Release|Any CPU = Release|Any CPU
	EndGlobalSection
	GlobalSection(ProjectConfigurationPlatforms) = postSolution
		{B1CF814E-CA8B-430A-8EEC-E0767DA12327}.Debug|Any CPU.ActiveCfg = Debug|Any CPU
		{B1CF814E-CA8B-430A-8EEC-E0767DA12327}.Debug|Any CPU.Build.0 = Debug|Any CPU
		{B1CF814E-CA8B-430A-8EEC-E0767DA12327}.Release|Any CPU.ActiveCfg = Release|Any CPU
		{B1CF814E-CA8B-430A-8EEC-E0767DA12327}.Release|Any CPU.Build.0 = Release|Any CPU
		{A903E378-6BF7-4D49-B303-B773FF68B31E}.Debug|Any CPU.ActiveCfg = Debug|Any CPU
		{A903E378-6BF7-4D49-B303-B773FF68B31E}.Debug|Any CPU.Build.0 = Debug|Any CPU
		{A903E378-6BF7-4D49-B303-B773FF68B31E}.Release|Any CPU.ActiveCfg = Release|Any CPU
		{A903E378-6BF7-4D49-B303-B773FF68B31E}.Release|Any CPU.Build.0 = Release|Any CPU
		{19F7A56E-9FE1-4FA3-80ED-AE55F5D287A5}.Debug|Any CPU.ActiveCfg = Debug|Any CPU
		{19F7A56E-9FE1-4FA3-80ED-AE55F5D287A5}.Debug|Any CPU.Build.0 = Debug|Any CPU
		{19F7A56E-9FE1-4FA3-80ED-AE55F5D287A5}.Release|Any CPU.ActiveCfg = Release|Any CPU
		{19F7A56E-9FE1-4FA3-80ED-AE55F5D287A5}.Release|Any CPU.Build.0 = Release|Any CPU
		{E457FDE2-5226-4CE1-A96D-C52F59E72DED}.Debug|Any CPU.ActiveCfg = Debug|Any CPU
		{E457FDE2-5226-4CE1-A96D-C52F59E72DED}.Debug|Any CPU.Build.0 = Debug|Any CPU
		{E457FDE2-5226-4CE1-A96D-C52F59E72DED}.Release|Any CPU.ActiveCfg = Release|Any CPU
		{E457FDE2-5226-4CE1-A96D-C52F59E72DED}.Release|Any CPU.Build.0 = Release|Any CPU
		{B132F9E4-3600-4105-A1EA-6C8D84F7E84F}.Debug|Any CPU.ActiveCfg = Debug|Any CPU
		{B132F9E4-3600-4105-A1EA-6C8D84F7E84F}.Debug|Any CPU.Build.0 = Debug|Any CPU
		{B132F9E4-3600-4105-A1EA-6C8D84F7E84F}.Release|Any CPU.ActiveCfg = Release|Any CPU
		{B132F9E4-3600-4105-A1EA-6C8D84F7E84F}.Release|Any CPU.Build.0 = Release|Any CPU
	EndGlobalSection
	GlobalSection(SolutionProperties) = preSolution
		HideSolutionNode = FALSE
	EndGlobalSection
	GlobalSection(ExtensibilityGlobals) = postSolution
		SolutionGuid = {A1D0BE1D-5EC6-487B-8878-65C6F4CC0190}
	EndGlobalSection
EndGlobal
